{
  "pins" : [
    {
      "identity" : "sizepreferencekey",
      "kind" : "remoteSourceControl",
      "location" : "https://github.com/stateman92/SizePreferenceKey",
      "state" : {
        "revision" : "da1ce745992c27c0f7d4551a488a7c956b26569b",
        "version" : "0.0.3"
      }
    }
  ],
  "version" : 2
}
